PODS:
  - ReactorKit (2.0.1):
    - RxSwift (~> 5.0)
  - RxCocoa (5.0.0):
    - RxRelay (~> 5)
    - RxSwift (~> 5)
  - RxRelay (5.0.0):
    - RxSwift (~> 5)
  - RxSwift (5.0.0)

DEPENDENCIES:
  - ReactorKit (= 2.0.1)
  - RxCocoa (~> 5.0)
  - RxSwift (~> 5.0)

SPEC REPOS:
  https://github.com/cocoapods/specs.git:
    - ReactorKit
    - RxCocoa
    - RxRelay
    - RxSwift

SPEC CHECKSUMS:
  ReactorKit: a63c5e11e0fd32d59d672e54178b0ed2876b764b
  RxCocoa: fcf32050ac00d801f34a7f71d5e8e7f23026dcd8
  RxRelay: 4f7409406a51a55cd88483f21ed898c234d60f18
  RxSwift: 8b0671caa829a763bbce7271095859121cbd895f

PODFILE CHECKSUM: 4c391b243f56e92aecd84541a6363c6f10fdcd47

COCOAPODS: 1.7.1
